
Microsoft Visual Studio Solution File, Format Version 12.00
# Visual Studio Version 17
VisualStudioVersion = 17.9.34723.18
MinimumVisualStudioVersion = 10.0.40219.1
Project("{FAE04EC0-301F-11D3-BF4B-00C04F79EFBC}") = "ExemploEF", "ExemploEF.csproj", "{F7ED9D14-571F-4F51-83E3-38970E7873CC}"
EndProject
Global
	GlobalSection(SolutionConfigurationPlatforms) = preSolution
		Debug|Any CPU = Debug|Any CPU
		Release|Any CPU = Release|Any CPU
	EndGlobalSection
	GlobalSection(ProjectConfigurationPlatforms) = postSolution
		{F7ED9D14-571F-4F51-83E3-38970E7873CC}.Debug|Any CPU.ActiveCfg = Debug|Any CPU
		{F7ED9D14-571F-4F51-83E3-38970E7873CC}.Debug|Any CPU.Build.0 = Debug|Any CPU
		{F7ED9D14-571F-4F51-83E3-38970E7873CC}.Release|Any CPU.ActiveCfg = Release|Any CPU
		{F7ED9D14-571F-4F51-83E3-38970E7873CC}.Release|Any CPU.Build.0 = Release|Any CPU
	EndGlobalSection
	GlobalSection(SolutionProperties) = preSolution
		HideSolutionNode = FALSE
	EndGlobalSection
	GlobalSection(ExtensibilityGlobals) = postSolution
		SolutionGuid = {95550B67-2B28-4240-92FE-E1098B574BC6}
	EndGlobalSection
EndGlobal
